
Microsoft Visual Studio Solution File, Format Version 12.00
# Visual Studio Version 16
VisualStudioVersion = 16.0.29509.3
MinimumVisualStudioVersion = 10.0.40219.1
Project("{9A19103F-16F7-4668-BE54-9A1E7A4F7556}") = "SamplesDashboard", "SamplesDashboard\SamplesDashboard.csproj", "{B4C75B85-6718-4F0B-8C98-1E70DC33698A}"
EndProject
Project("{FAE04EC0-301F-11D3-BF4B-00C04F79EFBC}") = "SamplesDashboardTests", "SamplesDashboardTests\SamplesDashboardTests.csproj", "{EB78C624-A3B9-4482-B3BF-020C20E39BB0}"
	ProjectSection(ProjectDependencies) = postProject
		{B4C75B85-6718-4F0B-8C98-1E70DC33698A} = {B4C75B85-6718-4F0B-8C98-1E70DC33698A}
	EndProjectSection
EndProject
Global
	GlobalSection(SolutionConfigurationPlatforms) = preSolution
		Debug|Any CPU = Debug|Any CPU
		Release|Any CPU = Release|Any CPU
	EndGlobalSection
	GlobalSection(ProjectConfigurationPlatforms) = postSolution
		{B4C75B85-6718-4F0B-8C98-1E70DC33698A}.Debug|Any CPU.ActiveCfg = Debug|Any CPU
		{B4C75B85-6718-4F0B-8C98-1E70DC33698A}.Debug|Any CPU.Build.0 = Debug|Any CPU
		{B4C75B85-6718-4F0B-8C98-1E70DC33698A}.Release|Any CPU.ActiveCfg = Release|Any CPU
		{B4C75B85-6718-4F0B-8C98-1E70DC33698A}.Release|Any CPU.Build.0 = Release|Any CPU
		{EB78C624-A3B9-4482-B3BF-020C20E39BB0}.Debug|Any CPU.ActiveCfg = Debug|Any CPU
		{EB78C624-A3B9-4482-B3BF-020C20E39BB0}.Debug|Any CPU.Build.0 = Debug|Any CPU
		{EB78C624-A3B9-4482-B3BF-020C20E39BB0}.Release|Any CPU.ActiveCfg = Release|Any CPU
		{EB78C624-A3B9-4482-B3BF-020C20E39BB0}.Release|Any CPU.Build.0 = Release|Any CPU
	EndGlobalSection
	GlobalSection(SolutionProperties) = preSolution
		HideSolutionNode = FALSE
	EndGlobalSection
	GlobalSection(ExtensibilityGlobals) = postSolution
		SolutionGuid = {33DC52E8-29EC-4C21-8FAE-DC1F7ADA0129}
	EndGlobalSection
EndGlobal
